// !$*UTF8*$!
{
	archiveVersion = 1;
	classes = {
	};
	objectVersion = 50;
	objects = {

/* Begin PBXBuildFile section */
		6D23682F20ABC9F2005452D4 /* SHButtonConfig.m in Sources */ = {isa = PBXBuildFile; fileRef = 6D23682E20ABC9F2005452D4 /* SHButtonConfig.m */; };
		6D7D06A420AAAD1D00C7C486 /* MTAlertObj.m in Sources */ = {isa = PBXBuildFile; fileRef = 6D7D06A320AAAD1D00C7C486 /* MTAlertObj.m */; };
		6D7D06A720AAAD3E00C7C486 /* MTAlertCell.m in Sources */ = {isa = PBXBuildFile; fileRef = 6D7D06A620AAAD3E00C7C486 /* MTAlertCell.m */; };
		6D7D06AB20AAE41700C7C486 /* SHDiaLog.m in Sources */ = {isa = PBXBuildFile; fileRef = 6D7D06AA20AAE41700C7C486 /* SHDiaLog.m */; };
		6D7D06AE20AAE48D00C7C486 /* SHDigLogObj.m in Sources */ = {isa = PBXBuildFile; fileRef = 6D7D06AD20AAE48D00C7C486 /* SHDigLogObj.m */; };
		6D7D06B720AAE61D00C7C486 /* SHDiaLogCell.m in Sources */ = {isa = PBXBuildFile; fileRef = 6D7D06B620AAE61D00C7C486 /* SHDiaLogCell.m */; };
		6D9FEC9320AD1BDD004A8416 /* SHPopView.m in Sources */ = {isa = PBXBuildFile; fileRef = 6D9FEC9220AD1BDD004A8416 /* SHPopView.m */; };
		6D9FEC9620AD1CB2004A8416 /* SHPopCell.m in Sources */ = {isa = PBXBuildFile; fileRef = 6D9FEC9520AD1CB2004A8416 /* SHPopCell.m */; };
		6D9FEC9920AD1CC5004A8416 /* SHPopModel.m in Sources */ = {isa = PBXBuildFile; fileRef = 6D9FEC9820AD1CC5004A8416 /* SHPopModel.m */; };
		6D9FEC9D20AD33A0004A8416 /* SHDrawTriangle.m in Sources */ = {isa = PBXBuildFile; fileRef = 6D9FEC9C20AD33A0004A8416 /* SHDrawTriangle.m */; };
		6D9FEC9F20AD51F7004A8416 /* Simulator Screen Shot - iPhone 8 Plus - 2018-05-17 at 14.00.00.png in Resources */ = {isa = PBXBuildFile; fileRef = 6D9FEC9E20AD51F7004A8416 /* Simulator Screen Shot - iPhone 8 Plus - 2018-05-17 at 14.00.00.png */; };
		6D9FECA220AD5993004A8416 /* SHDiaButtonCell.m in Sources */ = {isa = PBXBuildFile; fileRef = 6D9FECA120AD5993004A8416 /* SHDiaButtonCell.m */; };
		6DA691C720AAABC100341D11 /* AppDelegate.m in Sources */ = {isa = PBXBuildFile; fileRef = 6DA691C620AAABC100341D11 /* AppDelegate.m */; };
		6DA691CA20AAABC100341D11 /* ViewController.m in Sources */ = {isa = PBXBuildFile; fileRef = 6DA691C920AAABC100341D11 /* ViewController.m */; };
		6DA691CD20AAABC100341D11 /* Main.storyboard in Resources */ = {isa = PBXBuildFile; fileRef = 6DA691CB20AAABC100341D11 /* Main.storyboard */; };
		6DA691D020AAABC100341D11 /* MTAlertTable.xcdatamodeld in Sources */ = {isa = PBXBuildFile; fileRef = 6DA691CE20AAABC100341D11 /* MTAlertTable.xcdatamodeld */; };
		6DA691D220AAABC200341D11 /* Assets.xcassets in Resources */ = {isa = PBXBuildFile; fileRef = 6DA691D120AAABC200341D11 /* Assets.xcassets */; };
		6DA691D520AAABC200341D11 /* LaunchScreen.storyboard in Resources */ = {isa = PBXBuildFile; fileRef = 6DA691D320AAABC200341D11 /* LaunchScreen.storyboard */; };
		6DA691D820AAABC200341D11 /* main.m in Sources */ = {isa = PBXBuildFile; fileRef = 6DA691D720AAABC200341D11 /* main.m */; };
		6DA691E220AAABC200341D11 /* MTAlertTableTests.m in Sources */ = {isa = PBXBuildFile; fileRef = 6DA691E120AAABC200341D11 /* MTAlertTableTests.m */; };
		6DA691ED20AAABC200341D11 /* MTAlertTableUITests.m in Sources */ = {isa = PBXBuildFile; fileRef = 6DA691EC20AAABC200341D11 /* MTAlertTableUITests.m */; };
		6DA6920020AAAC0C00341D11 /* MTAlertTable.m in Sources */ = {isa = PBXBuildFile; fileRef = 6DA691FF20AAAC0C00341D11 /* MTAlertTable.m */; };
		6DD742AA20B253F80054A861 /* SHAnimate.m in Sources */ = {isa = PBXBuildFile; fileRef = 6DD742A920B253F80054A861 /* SHAnimate.m */; };
		BB552ABFEE9B08B0FB304108 /* libPods-MTAlertTable.a in Frameworks */ = {isa = PBXBuildFile; fileRef = A174D3037DECF53C9B53A4F9 /* libPods-MTAlertTable.a */; };
/* End PBXBuildFile section */

/* Begin PBXContainerItemProxy section */
		6DA691DE20AAABC200341D11 /* PBXContainerItemProxy */ = {
			isa = PBXContainerItemProxy;
			containerPortal = 6DA691BA20AAABC100341D11 /* Project object */;
			proxyType = 1;
			remoteGlobalIDString = 6DA691C120AAABC100341D11;
			remoteInfo = MTAlertTable;
		};
		6DA691E920AAABC200341D11 /* PBXContainerItemProxy */ = {
			isa = PBXContainerItemProxy;
			containerPortal = 6DA691BA20AAABC100341D11 /* Project object */;
			proxyType = 1;
			remoteGlobalIDString = 6DA691C120AAABC100341D11;
			remoteInfo = MTAlertTable;
		};
/* End PBXContainerItemProxy section */

/* Begin PBXFileReference section */
		4565704251EC64A201435AAB /* Pods-MTAlertTable.debug.xcconfig */ = {isa = PBXFileReference; includeInIndex = 1; lastKnownFileType = text.xcconfig; name = "Pods-MTAlertTable.debug.xcconfig"; path = "Pods/Target Support Files/Pods-MTAlertTable/Pods-MTAlertTable.debug.xcconfig"; sourceTree = "<group>"; };
		5DCE633115C7BB19AA7A88F4 /* Pods-MTAlertTable.release.xcconfig */ = {isa = PBXFileReference; includeInIndex = 1; lastKnownFileType = text.xcconfig; name = "Pods-MTAlertTable.release.xcconfig"; path = "Pods/Target Support Files/Pods-MTAlertTable/Pods-MTAlertTable.release.xcconfig"; sourceTree = "<group>"; };
		6D23682D20ABC9F2005452D4 /* SHButtonConfig.h */ = {isa = PBXFileReference; lastKnownFileType = sourcecode.c.h; path = SHButtonConfig.h; sourceTree = "<group>"; };
		6D23682E20ABC9F2005452D4 /* SHButtonConfig.m */ = {isa = PBXFileReference; lastKnownFileType = sourcecode.c.objc; path = SHButtonConfig.m; sourceTree = "<group>"; };
		6D7D06A220AAAD1D00C7C486 /* MTAlertObj.h */ = {isa = PBXFileReference; lastKnownFileType = sourcecode.c.h; path = MTAlertObj.h; sourceTree = "<group>"; };
		6D7D06A320AAAD1D00C7C486 /* MTAlertObj.m */ = {isa = PBXFileReference; lastKnownFileType = sourcecode.c.objc; path = MTAlertObj.m; sourceTree = "<group>"; };
		6D7D06A520AAAD3E00C7C486 /* MTAlertCell.h */ = {isa = PBXFileReference; lastKnownFileType = sourcecode.c.h; path = MTAlertCell.h; sourceTree = "<group>"; };
		6D7D06A620AAAD3E00C7C486 /* MTAlertCell.m */ = {isa = PBXFileReference; lastKnownFileType = sourcecode.c.objc; path = MTAlertCell.m; sourceTree = "<group>"; };
		6D7D06A920AAE41700C7C486 /* SHDiaLog.h */ = {isa = PBXFileReference; lastKnownFileType = sourcecode.c.h; path = SHDiaLog.h; sourceTree = "<group>"; };
		6D7D06AA20AAE41700C7C486 /* SHDiaLog.m */ = {isa = PBXFileReference; lastKnownFileType = sourcecode.c.objc; path = SHDiaLog.m; sourceTree = "<group>"; };
		6D7D06AC20AAE48D00C7C486 /* SHDigLogObj.h */ = {isa = PBXFileReference; lastKnownFileType = sourcecode.c.h; path = SHDigLogObj.h; sourceTree = "<group>"; };
		6D7D06AD20AAE48D00C7C486 /* SHDigLogObj.m */ = {isa = PBXFileReference; lastKnownFileType = sourcecode.c.objc; path = SHDigLogObj.m; sourceTree = "<group>"; };
		6D7D06B520AAE61D00C7C486 /* SHDiaLogCell.h */ = {isa = PBXFileReference; lastKnownFileType = sourcecode.c.h; path = SHDiaLogCell.h; sourceTree = "<group>"; };
		6D7D06B620AAE61D00C7C486 /* SHDiaLogCell.m */ = {isa = PBXFileReference; lastKnownFileType = sourcecode.c.objc; path = SHDiaLogCell.m; sourceTree = "<group>"; };
		6D9FEC9120AD1BDD004A8416 /* SHPopView.h */ = {isa = PBXFileReference; lastKnownFileType = sourcecode.c.h; path = SHPopView.h; sourceTree = "<group>"; };
		6D9FEC9220AD1BDD004A8416 /* SHPopView.m */ = {isa = PBXFileReference; lastKnownFileType = sourcecode.c.objc; path = SHPopView.m; sourceTree = "<group>"; };
		6D9FEC9420AD1CB2004A8416 /* SHPopCell.h */ = {isa = PBXFileReference; lastKnownFileType = sourcecode.c.h; path = SHPopCell.h; sourceTree = "<group>"; };
		6D9FEC9520AD1CB2004A8416 /* SHPopCell.m */ = {isa = PBXFileReference; lastKnownFileType = sourcecode.c.objc; path = SHPopCell.m; sourceTree = "<group>"; };
		6D9FEC9720AD1CC5004A8416 /* SHPopModel.h */ = {isa = PBXFileReference; lastKnownFileType = sourcecode.c.h; path = SHPopModel.h; sourceTree = "<group>"; };
		6D9FEC9820AD1CC5004A8416 /* SHPopModel.m */ = {isa = PBXFileReference; lastKnownFileType = sourcecode.c.objc; path = SHPopModel.m; sourceTree = "<group>"; };
		6D9FEC9B20AD33A0004A8416 /* SHDrawTriangle.h */ = {isa = PBXFileReference; lastKnownFileType = sourcecode.c.h; path = SHDrawTriangle.h; sourceTree = "<group>"; };
		6D9FEC9C20AD33A0004A8416 /* SHDrawTriangle.m */ = {isa = PBXFileReference; lastKnownFileType = sourcecode.c.objc; path = SHDrawTriangle.m; sourceTree = "<group>"; };
		6D9FEC9E20AD51F7004A8416 /* Simulator Screen Shot - iPhone 8 Plus - 2018-05-17 at 14.00.00.png */ = {isa = PBXFileReference; lastKnownFileType = image.png; path = "Simulator Screen Shot - iPhone 8 Plus - 2018-05-17 at 14.00.00.png"; sourceTree = "<group>"; };
		6D9FECA020AD5993004A8416 /* SHDiaButtonCell.h */ = {isa = PBXFileReference; lastKnownFileType = sourcecode.c.h; path = SHDiaButtonCell.h; sourceTree = "<group>"; };
		6D9FECA120AD5993004A8416 /* SHDiaButtonCell.m */ = {isa = PBXFileReference; lastKnownFileType = sourcecode.c.objc; path = SHDiaButtonCell.m; sourceTree = "<group>"; };
		6DA691C220AAABC100341D11 /* MTAlertTable.app */ = {isa = PBXFileReference; explicitFileType = wrapper.application; includeInIndex = 0; path = MTAlertTable.app; sourceTree = BUILT_PRODUCTS_DIR; };
		6DA691C520AAABC100341D11 /* AppDelegate.h */ = {isa = PBXFileReference; lastKnownFileType = sourcecode.c.h; path = AppDelegate.h; sourceTree = "<group>"; };
		6DA691C620AAABC100341D11 /* AppDelegate.m */ = {isa = PBXFileReference; lastKnownFileType = sourcecode.c.objc; path = AppDelegate.m; sourceTree = "<group>"; };
		6DA691C820AAABC100341D11 /* ViewController.h */ = {isa = PBXFileReference; lastKnownFileType = sourcecode.c.h; path = ViewController.h; sourceTree = "<group>"; };
		6DA691C920AAABC100341D11 /* ViewController.m */ = {isa = PBXFileReference; lastKnownFileType = sourcecode.c.objc; path = ViewController.m; sourceTree = "<group>"; };
		6DA691CC20AAABC100341D11 /* Base */ = {isa = PBXFileReference; lastKnownFileType = file.storyboard; name = Base; path = Base.lproj/Main.storyboard; sourceTree = "<group>"; };
		6DA691CF20AAABC100341D11 /* MTAlertTable.xcdatamodel */ = {isa = PBXFileReference; lastKnownFileType = wrapper.xcdatamodel; path = MTAlertTable.xcdatamodel; sourceTree = "<group>"; };
		6DA691D120AAABC200341D11 /* Assets.xcassets */ = {isa = PBXFileReference; lastKnownFileType = folder.assetcatalog; path = Assets.xcassets; sourceTree = "<group>"; };
		6DA691D420AAABC200341D11 /* Base */ = {isa = PBXFileReference; lastKnownFileType = file.storyboard; name = Base; path = Base.lproj/LaunchScreen.storyboard; sourceTree = "<group>"; };
		6DA691D620AAABC200341D11 /* Info.plist */ = {isa = PBXFileReference; lastKnownFileType = text.plist.xml; path = Info.plist; sourceTree = "<group>"; };
		6DA691D720AAABC200341D11 /* main.m */ = {isa = PBXFileReference; lastKnownFileType = sourcecode.c.objc; path = main.m; sourceTree = "<group>"; };
		6DA691DD20AAABC200341D11 /* MTAlertTableTests.xctest */ = {isa = PBXFileReference; explicitFileType = wrapper.cfbundle; includeInIndex = 0; path = MTAlertTableTests.xctest; sourceTree = BUILT_PRODUCTS_DIR; };
		6DA691E120AAABC200341D11 /* MTAlertTableTests.m */ = {isa = PBXFileReference; lastKnownFileType = sourcecode.c.objc; path = MTAlertTableTests.m; sourceTree = "<group>"; };
		6DA691E320AAABC200341D11 /* Info.plist */ = {isa = PBXFileReference; lastKnownFileType = text.plist.xml; path = Info.plist; sourceTree = "<group>"; };
		6DA691E820AAABC200341D11 /* MTAlertTableUITests.xctest */ = {isa = PBXFileReference; explicitFileType = wrapper.cfbundle; includeInIndex = 0; path = MTAlertTableUITests.xctest; sourceTree = BUILT_PRODUCTS_DIR; };
		6DA691EC20AAABC200341D11 /* MTAlertTableUITests.m */ = {isa = PBXFileReference; lastKnownFileType = sourcecode.c.objc; path = MTAlertTableUITests.m; sourceTree = "<group>"; };
		6DA691EE20AAABC200341D11 /* Info.plist */ = {isa = PBXFileReference; lastKnownFileType = text.plist.xml; path = Info.plist; sourceTree = "<group>"; };
		6DA691FE20AAAC0C00341D11 /* MTAlertTable.h */ = {isa = PBXFileReference; lastKnownFileType = sourcecode.c.h; path = MTAlertTable.h; sourceTree = "<group>"; };
		6DA691FF20AAAC0C00341D11 /* MTAlertTable.m */ = {isa = PBXFileReference; lastKnownFileType = sourcecode.c.objc; path = MTAlertTable.m; sourceTree = "<group>"; };
		6DD742A820B253F80054A861 /* SHAnimate.h */ = {isa = PBXFileReference; lastKnownFileType = sourcecode.c.h; path = SHAnimate.h; sourceTree = "<group>"; };
		6DD742A920B253F80054A861 /* SHAnimate.m */ = {isa = PBXFileReference; lastKnownFileType = sourcecode.c.objc; path = SHAnimate.m; sourceTree = "<group>"; };
		A174D3037DECF53C9B53A4F9 /* libPods-MTAlertTable.a */ = {isa = PBXFileReference; explicitFileType = archive.ar; includeInIndex = 0; path = "libPods-MTAlertTable.a"; sourceTree = BUILT_PRODUCTS_DIR; };
/* End PBXFileReference section */

/* Begin PBXFrameworksBuildPhase section */
		6DA691BF20AAABC100341D11 /* Frameworks */ = {
			isa = PBXFrameworksBuildPhase;
			buildActionMask = 2147483647;
			files = (
				BB552ABFEE9B08B0FB304108 /* libPods-MTAlertTable.a in Frameworks */,
			);
			runOnlyForDeploymentPostprocessing = 0;
		};
		6DA691DA20AAABC200341D11 /* Frameworks */ = {
			isa = PBXFrameworksBuildPhase;
			buildActionMask = 2147483647;
			files = (
			);
			runOnlyForDeploymentPostprocessing = 0;
		};
		6DA691E520AAABC200341D11 /* Frameworks */ = {
			isa = PBXFrameworksBuildPhase;
			buildActionMask = 2147483647;
			files = (
			);
			runOnlyForDeploymentPostprocessing = 0;
		};
/* End PBXFrameworksBuildPhase section */

/* Begin PBXGroup section */
		1002629CBAC4DC9F3CA0E1A4 /* Frameworks */ = {
			isa = PBXGroup;
			children = (
				A174D3037DECF53C9B53A4F9 /* libPods-MTAlertTable.a */,
			);
			name = Frameworks;
			sourceTree = "<group>";
		};
		6D7D06A820AAE3D900C7C486 /* DiaLog */ = {
			isa = PBXGroup;
			children = (
				6D7D06A920AAE41700C7C486 /* SHDiaLog.h */,
				6D7D06AA20AAE41700C7C486 /* SHDiaLog.m */,
				6D7D06AC20AAE48D00C7C486 /* SHDigLogObj.h */,
				6D7D06AD20AAE48D00C7C486 /* SHDigLogObj.m */,
				6D23682D20ABC9F2005452D4 /* SHButtonConfig.h */,
				6D23682E20ABC9F2005452D4 /* SHButtonConfig.m */,
				6D7D06B520AAE61D00C7C486 /* SHDiaLogCell.h */,
				6D7D06B620AAE61D00C7C486 /* SHDiaLogCell.m */,
				6D9FECA020AD5993004A8416 /* SHDiaButtonCell.h */,
				6D9FECA120AD5993004A8416 /* SHDiaButtonCell.m */,
			);
			path = DiaLog;
			sourceTree = "<group>";
		};
		6D9FEC9020AD1BCA004A8416 /* popView */ = {
			isa = PBXGroup;
			children = (
				6D9FEC9120AD1BDD004A8416 /* SHPopView.h */,
				6D9FEC9220AD1BDD004A8416 /* SHPopView.m */,
				6D9FEC9420AD1CB2004A8416 /* SHPopCell.h */,
				6D9FEC9520AD1CB2004A8416 /* SHPopCell.m */,
				6D9FEC9720AD1CC5004A8416 /* SHPopModel.h */,
				6D9FEC9820AD1CC5004A8416 /* SHPopModel.m */,
			);
			path = popView;
			sourceTree = "<group>";
		};
		6D9FEC9A20AD338D004A8416 /* DrawkTriangle */ = {
			isa = PBXGroup;
			children = (
				6D9FEC9B20AD33A0004A8416 /* SHDrawTriangle.h */,
				6D9FEC9C20AD33A0004A8416 /* SHDrawTriangle.m */,
			);
			path = DrawkTriangle;
			sourceTree = "<group>";
		};
		6DA691B920AAABC100341D11 = {
			isa = PBXGroup;
			children = (
				6DA691C420AAABC100341D11 /* MTAlertTable */,
				6DA691E020AAABC200341D11 /* MTAlertTableTests */,
				6DA691EB20AAABC200341D11 /* MTAlertTableUITests */,
				6DA691C320AAABC100341D11 /* Products */,
				F47BD00D6B74AE3987CAA7FF /* Pods */,
				1002629CBAC4DC9F3CA0E1A4 /* Frameworks */,
			);
			sourceTree = "<group>";
		};
		6DA691C320AAABC100341D11 /* Products */ = {
			isa = PBXGroup;
			children = (
				6DA691C220AAABC100341D11 /* MTAlertTable.app */,
				6DA691DD20AAABC200341D11 /* MTAlertTableTests.xctest */,
				6DA691E820AAABC200341D11 /* MTAlertTableUITests.xctest */,
			);
			name = Products;
			sourceTree = "<group>";
		};
		6DA691C420AAABC100341D11 /* MTAlertTable */ = {
			isa = PBXGroup;
			children = (
				6D9FEC9E20AD51F7004A8416 /* Simulator Screen Shot - iPhone 8 Plus - 2018-05-17 at 14.00.00.png */,
				6DD742A720B253E40054A861 /* SHAnimate */,
				6DD742A620B251B80054A861 /* DropDownList */,
				6D9FEC9A20AD338D004A8416 /* DrawkTriangle */,
				6D9FEC9020AD1BCA004A8416 /* popView */,
				6D7D06A820AAE3D900C7C486 /* DiaLog */,
				6DA691FA20AAABD500341D11 /* ShowTableView */,
				6DA691C520AAABC100341D11 /* AppDelegate.h */,
				6DA691C620AAABC100341D11 /* AppDelegate.m */,
				6DA691C820AAABC100341D11 /* ViewController.h */,
				6DA691C920AAABC100341D11 /* ViewController.m */,
				6DA691CB20AAABC100341D11 /* Main.storyboard */,
				6DA691D120AAABC200341D11 /* Assets.xcassets */,
				6DA691D320AAABC200341D11 /* LaunchScreen.storyboard */,
				6DA691D620AAABC200341D11 /* Info.plist */,
				6DA691D720AAABC200341D11 /* main.m */,
				6DA691CE20AAABC100341D11 /* MTAlertTable.xcdatamodeld */,
			);
			path = MTAlertTable;
			sourceTree = "<group>";
		};
		6DA691E020AAABC200341D11 /* MTAlertTableTests */ = {
			isa = PBXGroup;
			children = (
				6DA691E120AAABC200341D11 /* MTAlertTableTests.m */,
				6DA691E320AAABC200341D11 /* Info.plist */,
			);
			path = MTAlertTableTests;
			sourceTree = "<group>";
		};
		6DA691EB20AAABC200341D11 /* MTAlertTableUITests */ = {
			isa = PBXGroup;
			children = (
				6DA691EC20AAABC200341D11 /* MTAlertTableUITests.m */,
				6DA691EE20AAABC200341D11 /* Info.plist */,
			);
			path = MTAlertTableUITests;
			sourceTree = "<group>";
		};
		6DA691FA20AAABD500341D11 /* ShowTableView */ = {
			isa = PBXGroup;
			children = (
				6DA691FE20AAAC0C00341D11 /* MTAlertTable.h */,
				6DA691FF20AAAC0C00341D11 /* MTAlertTable.m */,
				6D7D06A220AAAD1D00C7C486 /* MTAlertObj.h */,
				6D7D06A320AAAD1D00C7C486 /* MTAlertObj.m */,
				6D7D06A520AAAD3E00C7C486 /* MTAlertCell.h */,
				6D7D06A620AAAD3E00C7C486 /* MTAlertCell.m */,
			);
			path = ShowTableView;
			sourceTree = "<group>";
		};
		6DD742A620B251B80054A861 /* DropDownList */ = {
			isa = PBXGroup;
			children = (
			);
			path = DropDownList;
			sourceTree = "<group>";
		};
		6DD742A720B253E40054A861 /* SHAnimate */ = {
			isa = PBXGroup;
			children = (
				6DD742A820B253F80054A861 /* SHAnimate.h */,
				6DD742A920B253F80054A861 /* SHAnimate.m */,
			);
			path = SHAnimate;
			sourceTree = "<group>";
		};
		F47BD00D6B74AE3987CAA7FF /* Pods */ = {
			isa = PBXGroup;
			children = (
				4565704251EC64A201435AAB /* Pods-MTAlertTable.debug.xcconfig */,
				5DCE633115C7BB19AA7A88F4 /* Pods-MTAlertTable.release.xcconfig */,
			);
			name = Pods;
			sourceTree = "<group>";
		};
/* End PBXGroup section */

/* Begin PBXNativeTarget section */
		6DA691C120AAABC100341D11 /* MTAlertTable */ = {
			isa = PBXNativeTarget;
			buildConfigurationList = 6DA691F120AAABC200341D11 /* Build configuration list for PBXNativeTarget "MTAlertTable" */;
			buildPhases = (
				C3FB9B894588E1308BC0A2B1 /* [CP] Check Pods Manifest.lock */,
				6DA691BE20AAABC100341D11 /* Sources */,
				6DA691BF20AAABC100341D11 /* Frameworks */,
				6DA691C020AAABC100341D11 /* Resources */,
			);
			buildRules = (
			);
			dependencies = (
			);
			name = MTAlertTable;
			productName = MTAlertTable;
			productReference = 6DA691C220AAABC100341D11 /* MTAlertTable.app */;
			productType = "com.apple.product-type.application";
		};
		6DA691DC20AAABC200341D11 /* MTAlertTableTests */ = {
			isa = PBXNativeTarget;
			buildConfigurationList = 6DA691F420AAABC200341D11 /* Build configuration list for PBXNativeTarget "MTAlertTableTests" */;
			buildPhases = (
				6DA691D920AAABC200341D11 /* Sources */,
				6DA691DA20AAABC200341D11 /* Frameworks */,
				6DA691DB20AAABC200341D11 /* Resources */,
			);
			buildRules = (
			);
			dependencies = (
				6DA691DF20AAABC200341D11 /* PBXTargetDependency */,
			);
			name = MTAlertTableTests;
			productName = MTAlertTableTests;
			productReference = 6DA691DD20AAABC200341D11 /* MTAlertTableTests.xctest */;
			productType = "com.apple.product-type.bundle.unit-test";
		};
		6DA691E720AAABC200341D11 /* MTAlertTableUITests */ = {
			isa = PBXNativeTarget;
			buildConfigurationList = 6DA691F720AAABC200341D11 /* Build configuration list for PBXNativeTarget "MTAlertTableUITests" */;
			buildPhases = (
				6DA691E420AAABC200341D11 /* Sources */,
				6DA691E520AAABC200341D11 /* Frameworks */,
				6DA691E620AAABC200341D11 /* Resources */,
			);
			buildRules = (
			);
			dependencies = (
				6DA691EA20AAABC200341D11 /* PBXTargetDependency */,
			);
			name = MTAlertTableUITests;
			productName = MTAlertTableUITests;
			productReference = 6DA691E820AAABC200341D11 /* MTAlertTableUITests.xctest */;
			productType = "com.apple.product-type.bundle.ui-testing";
		};
/* End PBXNativeTarget section */

/* Begin PBXProject section */
		6DA691BA20AAABC100341D11 /* Project object */ = {
			isa = PBXProject;
			attributes = {
				LastUpgradeCheck = 0930;
				ORGANIZATIONNAME = SHKIT;
				TargetAttributes = {
					6DA691C120AAABC100341D11 = {
						CreatedOnToolsVersion = 9.3;
					};
					6DA691DC20AAABC200341D11 = {
						CreatedOnToolsVersion = 9.3;
						TestTargetID = 6DA691C120AAABC100341D11;
					};
					6DA691E720AAABC200341D11 = {
						CreatedOnToolsVersion = 9.3;
						TestTargetID = 6DA691C120AAABC100341D11;
					};
				};
			};
			buildConfigurationList = 6DA691BD20AAABC100341D11 /* Build configuration list for PBXProject "MTAlertTable" */;
			compatibilityVersion = "Xcode 9.3";
			developmentRegion = en;
			hasScannedForEncodings = 0;
			knownRegions = (
				en,
				Base,
			);
			mainGroup = 6DA691B920AAABC100341D11;
			productRefGroup = 6DA691C320AAABC100341D11 /* Products */;
			projectDirPath = "";
			projectRoot = "";
			targets = (
				6DA691C120AAABC100341D11 /* MTAlertTable */,
				6DA691DC20AAABC200341D11 /* MTAlertTableTests */,
				6DA691E720AAABC200341D11 /* MTAlertTableUITests */,
			);
		};
/* End PBXProject section */

/* Begin PBXResourcesBuildPhase section */
		6DA691C020AAABC100341D11 /* Resources */ = {
			isa = PBXResourcesBuildPhase;
			buildActionMask = 2147483647;
			files = (
				6D9FEC9F20AD51F7004A8416 /* Simulator Screen Shot - iPhone 8 Plus - 2018-05-17 at 14.00.00.png in Resources */,
				6DA691D520AAABC200341D11 /* LaunchScreen.storyboard in Resources */,
				6DA691D220AAABC200341D11 /* Assets.xcassets in Resources */,
				6DA691CD20AAABC100341D11 /* Main.storyboard in Resources */,
			);
			runOnlyForDeploymentPostprocessing = 0;
		};
		6DA691DB20AAABC200341D11 /* Resources */ = {
			isa = PBXResourcesBuildPhase;
			buildActionMask = 2147483647;
			files = (
			);
			runOnlyForDeploymentPostprocessing = 0;
		};
		6DA691E620AAABC200341D11 /* Resources */ = {
			isa = PBXResourcesBuildPhase;
			buildActionMask = 2147483647;
			files = (
			);
			runOnlyForDeploymentPostprocessing = 0;
		};
/* End PBXResourcesBuildPhase section */

/* Begin PBXShellScriptBuildPhase section */
		C3FB9B894588E1308BC0A2B1 /* [CP] Check Pods Manifest.lock */ = {
			isa = PBXShellScriptBuildPhase;
			buildActionMask = 2147483647;
			files = (
			);
			inputPaths = (
				"${PODS_PODFILE_DIR_PATH}/Podfile.lock",
				"${PODS_ROOT}/Manifest.lock",
			);
			name = "[CP] Check Pods Manifest.lock";
			outputPaths = (
				"$(DERIVED_FILE_DIR)/Pods-MTAlertTable-checkManifestLockResult.txt",
			);
			runOnlyForDeploymentPostprocessing = 0;
			shellPath = /bin/sh;
			shellScript = "diff \"${PODS_PODFILE_DIR_PATH}/Podfile.lock\" \"${PODS_ROOT}/Manifest.lock\" > /dev/null\nif [ $? != 0 ] ; then\n    # print error to STDERR\n    echo \"error: The sandbox is not in sync with the Podfile.lock. Run 'pod install' or update your CocoaPods installation.\" >&2\n    exit 1\nfi\n# This output is used by Xcode 'outputs' to avoid re-running this script phase.\necho \"SUCCESS\" > \"${SCRIPT_OUTPUT_FILE_0}\"\n";
			showEnvVarsInLog = 0;
		};
/* End PBXShellScriptBuildPhase section */

/* Begin PBXSourcesBuildPhase section */
		6DA691BE20AAABC100341D11 /* Sources */ = {
			isa = PBXSourcesBuildPhase;
			buildActionMask = 2147483647;
			files = (
				6D7D06B720AAE61D00C7C486 /* SHDiaLogCell.m in Sources */,
				6D9FECA220AD5993004A8416 /* SHDiaButtonCell.m in Sources */,
				6DD742AA20B253F80054A861 /* SHAnimate.m in Sources */,
				6D9FEC9920AD1CC5004A8416 /* SHPopModel.m in Sources */,
				6D7D06AB20AAE41700C7C486 /* SHDiaLog.m in Sources */,
				6DA691D020AAABC100341D11 /* MTAlertTable.xcdatamodeld in Sources */,
				6DA691CA20AAABC100341D11 /* ViewController.m in Sources */,
				6D9FEC9D20AD33A0004A8416 /* SHDrawTriangle.m in Sources */,
				6DA691D820AAABC200341D11 /* main.m in Sources */,
				6DA691C720AAABC100341D11 /* AppDelegate.m in Sources */,
				6D7D06AE20AAE48D00C7C486 /* SHDigLogObj.m in Sources */,
				6D23682F20ABC9F2005452D4 /* SHButtonConfig.m in Sources */,
				6D9FEC9620AD1CB2004A8416 /* SHPopCell.m in Sources */,
				6DA6920020AAAC0C00341D11 /* MTAlertTable.m in Sources */,
				6D9FEC9320AD1BDD004A8416 /* SHPopView.m in Sources */,
				6D7D06A420AAAD1D00C7C486 /* MTAlertObj.m in Sources */,
				6D7D06A720AAAD3E00C7C486 /* MTAlertCell.m in Sources */,
			);
			runOnlyForDeploymentPostprocessing = 0;
		};
		6DA691D920AAABC200341D11 /* Sources */ = {
			isa = PBXSourcesBuildPhase;
			buildActionMask = 2147483647;
			files = (
				6DA691E220AAABC200341D11 /* MTAlertTableTests.m in Sources */,
			);
			runOnlyForDeploymentPostprocessing = 0;
		};
		6DA691E420AAABC200341D11 /* Sources */ = {
			isa = PBXSourcesBuildPhase;
			buildActionMask = 2147483647;
			files = (
				6DA691ED20AAABC200341D11 /* MTAlertTableUITests.m in Sources */,
			);
			runOnlyForDeploymentPostprocessing = 0;
		};
/* End PBXSourcesBuildPhase section */

/* Begin PBXTargetDependency section */
		6DA691DF20AAABC200341D11 /* PBXTargetDependency */ = {
			isa = PBXTargetDependency;
			target = 6DA691C120AAABC100341D11 /* MTAlertTable */;
			targetProxy = 6DA691DE20AAABC200341D11 /* PBXContainerItemProxy */;
		};
		6DA691EA20AAABC200341D11 /* PBXTargetDependency */ = {
			isa = PBXTargetDependency;
			target = 6DA691C120AAABC100341D11 /* MTAlertTable */;
			targetProxy = 6DA691E920AAABC200341D11 /* PBXContainerItemProxy */;
		};
/* End PBXTargetDependency section */

/* Begin PBXVariantGroup section */
		6DA691CB20AAABC100341D11 /* Main.storyboard */ = {
			isa = PBXVariantGroup;
			children = (
				6DA691CC20AAABC100341D11 /* Base */,
			);
			name = Main.storyboard;
			sourceTree = "<group>";
		};
		6DA691D320AAABC200341D11 /* LaunchScreen.storyboard */ = {
			isa = PBXVariantGroup;
			children = (
				6DA691D420AAABC200341D11 /* Base */,
			);
			name = LaunchScreen.storyboard;
			sourceTree = "<group>";
		};
/* End PBXVariantGroup section */

/* Begin XCBuildConfiguration section */
		6DA691EF20AAABC200341D11 /* Debug */ = {
			isa = XCBuildConfiguration;
			buildSettings = {
				ALWAYS_SEARCH_USER_PATHS = NO;
				CLANG_ANALYZER_NONNULL = YES;
				CLANG_ANALYZER_NUMBER_OBJECT_CONVERSION = YES_AGGRESSIVE;
				CLANG_CXX_LANGUAGE_STANDARD = "gnu++14";
				CLANG_CXX_LIBRARY = "libc++";
				CLANG_ENABLE_MODULES = YES;
				CLANG_ENABLE_OBJC_ARC = YES;
				CLANG_ENABLE_OBJC_WEAK = YES;
				CLANG_WARN_BLOCK_CAPTURE_AUTORELEASING = YES;
				CLANG_WARN_BOOL_CONVERSION = YES;
				CLANG_WARN_COMMA = YES;
				CLANG_WARN_CONSTANT_CONVERSION = YES;
				CLANG_WARN_DEPRECATED_OBJC_IMPLEMENTATIONS = YES;
				CLANG_WARN_DIRECT_OBJC_ISA_USAGE = YES_ERROR;
				CLANG_WARN_DOCUMENTATION_COMMENTS = YES;
				CLANG_WARN_EMPTY_BODY = YES;
				CLANG_WARN_ENUM_CONVERSION = YES;
				CLANG_WARN_INFINITE_RECURSION = YES;
				CLANG_WARN_INT_CONVERSION = YES;
				CLANG_WARN_NON_LITERAL_NULL_CONVERSION = YES;
				CLANG_WARN_OBJC_IMPLICIT_RETAIN_SELF = YES;
				CLANG_WARN_OBJC_LITERAL_CONVERSION = YES;
				CLANG_WARN_OBJC_ROOT_CLASS = YES_ERROR;
				CLANG_WARN_RANGE_LOOP_ANALYSIS = YES;
				CLANG_WARN_STRICT_PROTOTYPES = YES;
				CLANG_WARN_SUSPICIOUS_MOVE = YES;
				CLANG_WARN_UNGUARDED_AVAILABILITY = YES_AGGRESSIVE;
				CLANG_WARN_UNREACHABLE_CODE = YES;
				CLANG_WARN__DUPLICATE_METHOD_MATCH = YES;
				CODE_SIGN_IDENTITY = "iPhone Developer";
				COPY_PHASE_STRIP = NO;
				DEBUG_INFORMATION_FORMAT = dwarf;
				ENABLE_STRICT_OBJC_MSGSEND = YES;
				ENABLE_TESTABILITY = YES;
				GCC_C_LANGUAGE_STANDARD = gnu11;
				GCC_DYNAMIC_NO_PIC = NO;
				GCC_NO_COMMON_BLOCKS = YES;
				GCC_OPTIMIZATION_LEVEL = 0;
				GCC_PREPROCESSOR_DEFINITIONS = (
					"DEBUG=1",
					"$(inherited)",
				);
				GCC_WARN_64_TO_32_BIT_CONVERSION = YES;
				GCC_WARN_ABOUT_RETURN_TYPE = YES_ERROR;
				GCC_WARN_UNDECLARED_SELECTOR = YES;
				GCC_WARN_UNINITIALIZED_AUTOS = YES_AGGRESSIVE;
				GCC_WARN_UNUSED_FUNCTION = YES;
				GCC_WARN_UNUSED_VARIABLE = YES;
				IPHONEOS_DEPLOYMENT_TARGET = 11.3;
				MTL_ENABLE_DEBUG_INFO = YES;
				ONLY_ACTIVE_ARCH = YES;
				SDKROOT = iphoneos;
			};
			name = Debug;
		};
		6DA691F020AAABC200341D11 /* Release */ = {
			isa = XCBuildConfiguration;
			buildSettings = {
				ALWAYS_SEARCH_USER_PATHS = NO;
				CLANG_ANALYZER_NONNULL = YES;
				CLANG_ANALYZER_NUMBER_OBJECT_CONVERSION = YES_AGGRESSIVE;
				CLANG_CXX_LANGUAGE_STANDARD = "gnu++14";
				CLANG_CXX_LIBRARY = "libc++";
				CLANG_ENABLE_MODULES = YES;
				CLANG_ENABLE_OBJC_ARC = YES;
				CLANG_ENABLE_OBJC_WEAK = YES;
				CLANG_WARN_BLOCK_CAPTURE_AUTORELEASING = YES;
				CLANG_WARN_BOOL_CONVERSION = YES;
				CLANG_WARN_COMMA = YES;
				CLANG_WARN_CONSTANT_CONVERSION = YES;
				CLANG_WARN_DEPRECATED_OBJC_IMPLEMENTATIONS = YES;
				CLANG_WARN_DIRECT_OBJC_ISA_USAGE = YES_ERROR;
				CLANG_WARN_DOCUMENTATION_COMMENTS = YES;
				CLANG_WARN_EMPTY_BODY = YES;
				CLANG_WARN_ENUM_CONVERSION = YES;
				CLANG_WARN_INFINITE_RECURSION = YES;
				CLANG_WARN_INT_CONVERSION = YES;
				CLANG_WARN_NON_LITERAL_NULL_CONVERSION = YES;
				CLANG_WARN_OBJC_IMPLICIT_RETAIN_SELF = YES;
				CLANG_WARN_OBJC_LITERAL_CONVERSION = YES;
				CLANG_WARN_OBJC_ROOT_CLASS = YES_ERROR;
				CLANG_WARN_RANGE_LOOP_ANALYSIS = YES;
				CLANG_WARN_STRICT_PROTOTYPES = YES;
				CLANG_WARN_SUSPICIOUS_MOVE = YES;
				CLANG_WARN_UNGUARDED_AVAILABILITY = YES_AGGRESSIVE;
				CLANG_WARN_UNREACHABLE_CODE = YES;
				CLANG_WARN__DUPLICATE_METHOD_MATCH = YES;
				CODE_SIGN_IDENTITY = "iPhone Developer";
				COPY_PHASE_STRIP = NO;
				DEBUG_INFORMATION_FORMAT = "dwarf-with-dsym";
				ENABLE_NS_ASSERTIONS = NO;
				ENABLE_STRICT_OBJC_MSGSEND = YES;
				GCC_C_LANGUAGE_STANDARD = gnu11;
				GCC_NO_COMMON_BLOCKS = YES;
				GCC_WARN_64_TO_32_BIT_CONVERSION = YES;
				GCC_WARN_ABOUT_RETURN_TYPE = YES_ERROR;
				GCC_WARN_UNDECLARED_SELECTOR = YES;
				GCC_WARN_UNINITIALIZED_AUTOS = YES_AGGRESSIVE;
				GCC_WARN_UNUSED_FUNCTION = YES;
				GCC_WARN_UNUSED_VARIABLE = YES;
				IPHONEOS_DEPLOYMENT_TARGET = 11.3;
				MTL_ENABLE_DEBUG_INFO = NO;
				SDKROOT = iphoneos;
				VALIDATE_PRODUCT = YES;
			};
			name = Release;
		};
		6DA691F220AAABC200341D11 /* Debug */ = {
			isa = XCBuildConfiguration;
			baseConfigurationReference = 4565704251EC64A201435AAB /* Pods-MTAlertTable.debug.xcconfig */;
			buildSettings = {
				ASSETCATALOG_COMPILER_APPICON_NAME = AppIcon;
				CODE_SIGN_STYLE = Automatic;
				DEVELOPMENT_TEAM = QN3M9RC4UW;
				INFOPLIST_FILE = MTAlertTable/Info.plist;
				LD_RUNPATH_SEARCH_PATHS = (
					"$(inherited)",
					"@executable_path/Frameworks",
				);
				PRODUCT_BUNDLE_IDENTIFIER = SHKIT.MTAlertTable;
				PRODUCT_NAME = "$(TARGET_NAME)";
				TARGETED_DEVICE_FAMILY = "1,2";
			};
			name = Debug;
		};
		6DA691F320AAABC200341D11 /* Release */ = {
			isa = XCBuildConfiguration;
			baseConfigurationReference = 5DCE633115C7BB19AA7A88F4 /* Pods-MTAlertTable.release.xcconfig */;
			buildSettings = {
				ASSETCATALOG_COMPILER_APPICON_NAME = AppIcon;
				CODE_SIGN_STYLE = Automatic;
				DEVELOPMENT_TEAM = QN3M9RC4UW;
				INFOPLIST_FILE = MTAlertTable/Info.plist;
				LD_RUNPATH_SEARCH_PATHS = (
					"$(inherited)",
					"@executable_path/Frameworks",
				);
				PRODUCT_BUNDLE_IDENTIFIER = SHKIT.MTAlertTable;
				PRODUCT_NAME = "$(TARGET_NAME)";
				TARGETED_DEVICE_FAMILY = "1,2";
			};
			name = Release;
		};
		6DA691F520AAABC200341D11 /* Debug */ = {
			isa = XCBuildConfiguration;
			buildSettings = {
				BUNDLE_LOADER = "$(TEST_HOST)";
				CODE_SIGN_STYLE = Automatic;
				DEVELOPMENT_TEAM = QN3M9RC4UW;
				INFOPLIST_FILE = MTAlertTableTests/Info.plist;
				LD_RUNPATH_SEARCH_PATHS = (
					"$(inherited)",
					"@executable_path/Frameworks",
					"@loader_path/Frameworks",
				);
				PRODUCT_BUNDLE_IDENTIFIER = SHKIT.MTAlertTableTests;
				PRODUCT_NAME = "$(TARGET_NAME)";
				TARGETED_DEVICE_FAMILY = "1,2";
				TEST_HOST = "$(BUILT_PRODUCTS_DIR)/MTAlertTable.app/MTAlertTable";
			};
			name = Debug;
		};
		6DA691F620AAABC200341D11 /* Release */ = {
			isa = XCBuildConfiguration;
			buildSettings = {
				BUNDLE_LOADER = "$(TEST_HOST)";
				CODE_SIGN_STYLE = Automatic;
				DEVELOPMENT_TEAM = QN3M9RC4UW;
				INFOPLIST_FILE = MTAlertTableTests/Info.plist;
				LD_RUNPATH_SEARCH_PATHS = (
					"$(inherited)",
					"@executable_path/Frameworks",
					"@loader_path/Frameworks",
				);
				PRODUCT_BUNDLE_IDENTIFIER = SHKIT.MTAlertTableTests;
				PRODUCT_NAME = "$(TARGET_NAME)";
				TARGETED_DEVICE_FAMILY = "1,2";
				TEST_HOST = "$(BUILT_PRODUCTS_DIR)/MTAlertTable.app/MTAlertTable";
			};
			name = Release;
		};
		6DA691F820AAABC200341D11 /* Debug */ = {
			isa = XCBuildConfiguration;
			buildSettings = {
				CODE_SIGN_STYLE = Automatic;
				DEVELOPMENT_TEAM = QN3M9RC4UW;
				INFOPLIST_FILE = MTAlertTableUITests/Info.plist;
				LD_RUNPATH_SEARCH_PATHS = (
					"$(inherited)",
					"@executable_path/Frameworks",
					"@loader_path/Frameworks",
				);
				PRODUCT_BUNDLE_IDENTIFIER = SHKIT.MTAlertTableUITests;
				PRODUCT_NAME = "$(TARGET_NAME)";
				TARGETED_DEVICE_FAMILY = "1,2";
				TEST_TARGET_NAME = MTAlertTable;
			};
			name = Debug;
		};
		6DA691F920AAABC200341D11 /* Release */ = {
			isa = XCBuildConfiguration;
			buildSettings = {
				CODE_SIGN_STYLE = Automatic;
				DEVELOPMENT_TEAM = QN3M9RC4UW;
				INFOPLIST_FILE = MTAlertTableUITests/Info.plist;
				LD_RUNPATH_SEARCH_PATHS = (
					"$(inherited)",
					"@executable_path/Frameworks",
					"@loader_path/Frameworks",
				);
				PRODUCT_BUNDLE_IDENTIFIER = SHKIT.MTAlertTableUITests;
				PRODUCT_NAME = "$(TARGET_NAME)";
				TARGETED_DEVICE_FAMILY = "1,2";
				TEST_TARGET_NAME = MTAlertTable;
			};
			name = Release;
		};
/* End XCBuildConfiguration section */

/* Begin XCConfigurationList section */
		6DA691BD20AAABC100341D11 /* Build configuration list for PBXProject "MTAlertTable" */ = {
			isa = XCConfigurationList;
			buildConfigurations = (
				6DA691EF20AAABC200341D11 /* Debug */,
				6DA691F020AAABC200341D11 /* Release */,
			);
			defaultConfigurationIsVisible = 0;
			defaultConfigurationName = Release;
		};
		6DA691F120AAABC200341D11 /* Build configuration list for PBXNativeTarget "MTAlertTable" */ = {
			isa = XCConfigurationList;
			buildConfigurations = (
				6DA691F220AAABC200341D11 /* Debug */,
				6DA691F320AAABC200341D11 /* Release */,
			);
			defaultConfigurationIsVisible = 0;
			defaultConfigurationName = Release;
		};
		6DA691F420AAABC200341D11 /* Build configuration list for PBXNativeTarget "MTAlertTableTests" */ = {
			isa = XCConfigurationList;
			buildConfigurations = (
				6DA691F520AAABC200341D11 /* Debug */,
				6DA691F620AAABC200341D11 /* Release */,
			);
			defaultConfigurationIsVisible = 0;
			defaultConfigurationName = Release;
		};
		6DA691F720AAABC200341D11 /* Build configuration list for PBXNativeTarget "MTAlertTableUITests" */ = {
			isa = XCConfigurationList;
			buildConfigurations = (
				6DA691F820AAABC200341D11 /* Debug */,
				6DA691F920AAABC200341D11 /* Release */,
			);
			defaultConfigurationIsVisible = 0;
			defaultConfigurationName = Release;
		};
/* End XCConfigurationList section */

/* Begin XCVersionGroup section */
		6DA691CE20AAABC100341D11 /* MTAlertTable.xcdatamodeld */ = {
			isa = XCVersionGroup;
			children = (
				6DA691CF20AAABC100341D11 /* MTAlertTable.xcdatamodel */,
			);
			currentVersion = 6DA691CF20AAABC100341D11 /* MTAlertTable.xcdatamodel */;
			path = MTAlertTable.xcdatamodeld;
			sourceTree = "<group>";
			versionGroupType = wrapper.xcdatamodel;
		};
/* End XCVersionGroup section */
	};
	rootObject = 6DA691BA20AAABC100341D11 /* Project object */;
}
